PODS:
  - Direction (1.3.3):
    - GoogleMaps
  - GoogleMaps (2.7.0):
    - GoogleMaps/Maps (= 2.7.0)
  - GoogleMaps/Base (2.7.0)
  - GoogleMaps/Maps (2.7.0):
    - GoogleMaps/Base

DEPENDENCIES:
  - Direction

SPEC REPOS:
  https://github.com/cocoapods/specs.git:
    - Direction
    - GoogleMaps

SPEC CHECKSUMS:
  Direction: 52886a470928fdc1d307e874d1dddfe8b8bd44bc
  GoogleMaps: f79af95cb24d869457b1f961c93d3ce8b2f3b848

PODFILE CHECKSUM: 018bd24daadc5a041b3be9a07a275a1f02f6402c

COCOAPODS: 1.5.3
